<?xml version="1.0" encoding="utf-8"?>
<Project ToolsVersion="4.0" xmlns="http://schemas.microsoft.com/developer/msbuild/2003">
  <ItemGroup>
    <Filter Include="Source Files">
      <UniqueIdentifier>{4FC737F1-C7A5-4376-A066-2A32D752A2FF}</UniqueIdentifier>
      <Extensions>cpp;c;cc;cxx;c++;cppm;ixx;def;odl;idl;hpj;bat;asm;asmx</Extensions>
    </Filter>
    <Filter Include="t2">
      <UniqueIdentifier>{63dae915-1597-4e55-907f-f234878aa265}</UniqueIdentifier>
    </Filter>
    <Filter Include="t2\abstraction">
      <UniqueIdentifier>{4ebc86d3-be71-48b3-a512-37757448674b}</UniqueIdentifier>
    </Filter>
    <Filter Include="t2\abstraction\source">
      <UniqueIdentifier>{7044b615-9423-4353-979e-7a2089bd2efd}</UniqueIdentifier>
    </Filter>
    <Filter Include="t2\abstraction\header">
      <UniqueIdentifier>{5cc3de50-57d4-485a-9ed6-74ba723badde}</UniqueIdentifier>
    </Filter>
    <Filter Include="detours">
      <UniqueIdentifier>{f5402b31-3dd0-4686-921b-c965639b70c2}</UniqueIdentifier>
    </Filter>
    <Filter Include="plog">
      <UniqueIdentifier>{9741a6f2-568f-4906-8c05-bc998dd4800b}</UniqueIdentifier>
    </Filter>
    <Filter Include="t2\game data">
      <UniqueIdentifier>{66d4b0f2-bb31-4e3f-946f-ac3d0b100b06}</UniqueIdentifier>
    </Filter>
    <Filter Include="t2\abstraction\hooks">
      <UniqueIdentifier>{6967bf98-7bc4-4d64-b137-6ed4e5c77deb}</UniqueIdentifier>
    </Filter>
    <Filter Include="t2\hack">
      <UniqueIdentifier>{155c5f05-6c39-4368-b395-f33736ac375e}</UniqueIdentifier>
    </Filter>
    <Filter Include="Headers">
      <UniqueIdentifier>{0ad22d2e-c213-44ab-ad8d-ec19155235a9}</UniqueIdentifier>
    </Filter>
    <Filter Include="t2\hooks">
      <UniqueIdentifier>{4c359975-525b-4c36-bcce-5bc1c5b42f70}</UniqueIdentifier>
    </Filter>
    <Filter Include="json">
      <UniqueIdentifier>{c382d22d-0f56-4549-a817-f2c7f0844850}</UniqueIdentifier>
    </Filter>
  </ItemGroup>
  <ItemGroup>
    <ClInclude Include="t2\abstraction\NetObject.h">
      <Filter>t2\abstraction\header</Filter>
    </ClInclude>
    <ClInclude Include="t2\abstraction\Player.h">
      <Filter>t2\abstraction\header</Filter>
    </ClInclude>
    <ClInclude Include="t2\abstraction\SceneObject.h">
      <Filter>t2\abstraction\header</Filter>
    </ClInclude>
    <ClInclude Include="t2\abstraction\ShapeBase.h">
      <Filter>t2\abstraction\header</Filter>
    </ClInclude>
    <ClInclude Include="t2\abstraction\SimObject.h">
      <Filter>t2\abstraction\header</Filter>
    </ClInclude>
    <ClInclude Include="t2\abstraction\Container.h">
      <Filter>t2\abstraction\header</Filter>
    </ClInclude>
    <ClInclude Include="t2\abstraction\GameBase.h">
      <Filter>t2\abstraction\header</Filter>
    </ClInclude>
    <ClInclude Include="detours\detours.h">
      <Filter>detours</Filter>
    </ClInclude>
    <ClInclude Include="t2\abstraction\GameConnection.h">
      <Filter>t2\abstraction\header</Filter>
    </ClInclude>
    <ClInclude Include="t2\abstraction\NetConnection.h">
      <Filter>t2\abstraction\header</Filter>
    </ClInclude>
    <ClInclude Include="t2\abstraction\Helper.h">
      <Filter>t2\abstraction\header</Filter>
    </ClInclude>
    <ClInclude Include="t2\game data\game_data.h">
      <Filter>t2\game data</Filter>
    </ClInclude>
    <ClInclude Include="t2\hack\hack.h">
      <Filter>t2\hack</Filter>
    </ClInclude>
    <ClInclude Include="t2\math.h">
      <Filter>t2</Filter>
    </ClInclude>
    <ClInclude Include="t2\game data\player.h">
      <Filter>t2\game data</Filter>
    </ClInclude>
    <ClInclude Include="t2\game data\weapon.h">
      <Filter>t2\game data</Filter>
    </ClInclude>
    <ClInclude Include="t2\hooks\global_hooks.h">
      <Filter>t2\hooks</Filter>
    </ClInclude>
    <ClInclude Include="plog\Log.h">
      <Filter>plog</Filter>
    </ClInclude>
    <ClInclude Include="t2\abstraction\SimSet.h">
      <Filter>t2\abstraction\header</Filter>
    </ClInclude>
    <ClInclude Include="t2\abstraction\SimGroup.h">
      <Filter>t2\abstraction\header</Filter>
    </ClInclude>
    <ClInclude Include="t2\abstraction\Vector.h">
      <Filter>t2\abstraction\header</Filter>
    </ClInclude>
    <ClInclude Include="t2\abstraction\Move.h">
      <Filter>t2\abstraction\header</Filter>
    </ClInclude>
    <ClInclude Include="t2\game data\variables.h">
      <Filter>t2\game data</Filter>
    </ClInclude>
    <ClInclude Include="t2\hack\aimbot.h">
      <Filter>t2\hack</Filter>
    </ClInclude>
    <ClInclude Include="json\json.hpp">
      <Filter>json</Filter>
    </ClInclude>
    <ClInclude Include="t2\abstraction\Camera.h">
      <Filter>t2\abstraction\header</Filter>
    </ClInclude>
    <ClInclude Include="t2\hack\keys.h">
      <Filter>t2\hack</Filter>
    </ClInclude>
  </ItemGroup>
  <ItemGroup>
    <ClCompile Include="t2\abstraction\NetObject.cpp">
      <Filter>t2\abstraction\source</Filter>
    </ClCompile>
    <ClCompile Include="t2\abstraction\Player.cpp">
      <Filter>t2\abstraction\source</Filter>
    </ClCompile>
    <ClCompile Include="t2\abstraction\SceneObject.cpp">
      <Filter>t2\abstraction\source</Filter>
    </ClCompile>
    <ClCompile Include="t2\abstraction\ShapeBase.cpp">
      <Filter>t2\abstraction\source</Filter>
    </ClCompile>
    <ClCompile Include="t2\abstraction\SimObject.cpp">
      <Filter>t2\abstraction\source</Filter>
    </ClCompile>
    <ClCompile Include="t2\abstraction\GameBase.cpp">
      <Filter>t2\abstraction\source</Filter>
    </ClCompile>
    <ClCompile Include="dllmain.cpp">
      <Filter>Source Files</Filter>
    </ClCompile>
    <ClCompile Include="t2\abstraction\GameConnection.cpp">
      <Filter>t2\abstraction\source</Filter>
    </ClCompile>
    <ClCompile Include="t2\abstraction\NetConnection.cpp">
      <Filter>t2\abstraction\source</Filter>
    </ClCompile>
    <ClCompile Include="t2\abstraction\hooks\player_hooks.cpp">
      <Filter>t2\abstraction\hooks</Filter>
    </ClCompile>
    <ClCompile Include="t2\game data\game_data.cpp">
      <Filter>t2\game data</Filter>
    </ClCompile>
    <ClCompile Include="t2\game data\weapon.cpp">
      <Filter>t2\game data</Filter>
    </ClCompile>
    <ClCompile Include="t2\hack\hack.cpp">
      <Filter>t2\hack</Filter>
    </ClCompile>
    <ClCompile Include="t2\game data\player.cpp">
      <Filter>t2\game data</Filter>
    </ClCompile>
    <ClCompile Include="t2\abstraction\hooks\gameconnection_hooks.cpp">
      <Filter>t2\abstraction\hooks</Filter>
    </ClCompile>
    <ClCompile Include="t2\hooks\global_hooks.cpp">
      <Filter>t2\hooks</Filter>
    </ClCompile>
    <ClCompile Include="t2\abstraction\SimSet.cpp">
      <Filter>t2\abstraction\source</Filter>
    </ClCompile>
    <ClCompile Include="t2\abstraction\SimGroup.cpp">
      <Filter>t2\abstraction\source</Filter>
    </ClCompile>
    <ClCompile Include="t2\abstraction\hooks\shapebase_hooks.cpp">
      <Filter>t2\abstraction\hooks</Filter>
    </ClCompile>
    <ClCompile Include="t2\game data\variables.cpp">
      <Filter>t2\game data</Filter>
    </ClCompile>
    <ClCompile Include="t2\hack\aimbot.cpp">
      <Filter>t2\hack</Filter>
    </ClCompile>
    <ClCompile Include="t2\abstraction\hooks\netconnection_hooks.cpp">
      <Filter>t2\abstraction\hooks</Filter>
    </ClCompile>
    <ClCompile Include="sceneobject_hooks.cpp">
      <Filter>t2\abstraction\hooks</Filter>
    </ClCompile>
    <ClCompile Include="t2\abstraction\hooks\camera_hooks.cpp">
      <Filter>t2\abstraction\hooks</Filter>
    </ClCompile>
    <ClCompile Include="t2\hack\keys.cpp">
      <Filter>t2\hack</Filter>
    </ClCompile>
  </ItemGroup>
</Project>